PODS:
  - Flutter (1.0.0)
  - passikey_flutter_sdk (0.0.3):
    - Flutter

DEPENDENCIES:
  - Flutter (from `Flutter`)
  - passikey_flutter_sdk (from `.symlinks/plugins/passikey_flutter_sdk/ios`)

EXTERNAL SOURCES:
  Flutter:
    :path: Flutter
  passikey_flutter_sdk:
    :path: ".symlinks/plugins/passikey_flutter_sdk/ios"

SPEC CHECKSUMS:
  Flutter: 0e3d915762c693b495b44d77113d4970485de6ec
  passikey_flutter_sdk: 9dfca5c166f713bae974706aef09f175da8d1fc0

PODFILE CHECKSUM: aafe91acc616949ddb318b77800a7f51bffa2a4c

COCOAPODS: 1.10.0
